
Microsoft Visual Studio Solution File, Format Version 12.00
# Visual Studio Version 16
VisualStudioVersion = 16.0.29926.136
MinimumVisualStudioVersion = 10.0.40219.1
Project("{FAE04EC0-301F-11D3-BF4B-00C04F79EFBC}") = "TTSLuaExtractor", "..\TTSLuaExtractor\TTSLuaExtractor.csproj", "{39701C51-618F-42E4-B02C-8823F381335D}"
EndProject
Global
	GlobalSection(SolutionConfigurationPlatforms) = preSolution
		Debug|Any CPU = Debug|Any CPU
		Release|Any CPU = Release|Any CPU
	EndGlobalSection
	GlobalSection(ProjectConfigurationPlatforms) = postSolution
		{39701C51-618F-42E4-B02C-8823F381335D}.Debug|Any CPU.ActiveCfg = Debug|Any CPU
		{39701C51-618F-42E4-B02C-8823F381335D}.Debug|Any CPU.Build.0 = Debug|Any CPU
		{39701C51-618F-42E4-B02C-8823F381335D}.Release|Any CPU.ActiveCfg = Release|Any CPU
		{39701C51-618F-42E4-B02C-8823F381335D}.Release|Any CPU.Build.0 = Release|Any CPU
	EndGlobalSection
	GlobalSection(SolutionProperties) = preSolution
		HideSolutionNode = FALSE
	EndGlobalSection
	GlobalSection(ExtensibilityGlobals) = postSolution
		SolutionGuid = {6C285789-D616-4D79-BAD0-E78EE4B01D5A}
	EndGlobalSection
EndGlobal
